<?xml version="1.0" encoding="utf-8"?>
<Project ToolsVersion="4.0" xmlns="http://schemas.microsoft.com/developer/msbuild/2003">
  <ItemGroup>
    <ClInclude Include="TitleLevel.h">
      <Filter>Level</Filter>
    </ClInclude>
    <ClInclude Include="ContentCore.h" />
    <ClInclude Include="ContentsEnum.h">
      <Filter>Global</Filter>
    </ClInclude>
    <ClInclude Include="LogoLevel.h">
      <Filter>Level</Filter>
    </ClInclude>
    <ClInclude Include="WorldMapLevel.h">
      <Filter>Level</Filter>
    </ClInclude>
    <ClInclude Include="PuzzleLevel.h">
      <Filter>Level</Filter>
    </ClInclude>
    <ClInclude Include="Background_WorldMap.h">
      <Filter>UIActor\WorldMap</Filter>
    </ClInclude>
    <ClInclude Include="Background_Black.h">
      <Filter>UIActor\Default</Filter>
    </ClInclude>
    <ClInclude Include="Background_Gray.h">
      <Filter>UIActor\Default</Filter>
    </ClInclude>
    <ClInclude Include="FadeAnimation.h">
      <Filter>UIActor\Default</Filter>
    </ClInclude>
    <ClInclude Include="TitleLogo.h">
      <Filter>UIActor\Logo</Filter>
    </ClInclude>
    <ClInclude Include="Logo.h">
      <Filter>UIActor\Logo</Filter>
    </ClInclude>
    <ClInclude Include="Button.h">
      <Filter>UIActor\Default</Filter>
    </ClInclude>
    <ClInclude Include="WorldMapSelect.h">
      <Filter>UIActor\WorldMap</Filter>
    </ClInclude>
    <ClInclude Include="PuzzleActor.h">
      <Filter>UIActor\Default</Filter>
    </ClInclude>
    <ClInclude Include="Background_Pixel.h">
      <Filter>UIActor\Default</Filter>
    </ClInclude>
  </ItemGroup>
  <ItemGroup>
    <ClCompile Include="TitleLevel.cpp">
      <Filter>Level</Filter>
    </ClCompile>
    <ClCompile Include="ContentCore.cpp" />
    <ClCompile Include="LogoLevel.cpp">
      <Filter>Level</Filter>
    </ClCompile>
    <ClCompile Include="WorldMapLevel.cpp">
      <Filter>Level</Filter>
    </ClCompile>
    <ClCompile Include="PuzzleLevel.cpp">
      <Filter>Level</Filter>
    </ClCompile>
    <ClCompile Include="Background_WorldMap.cpp">
      <Filter>UIActor\WorldMap</Filter>
    </ClCompile>
    <ClCompile Include="Background_Black.cpp">
      <Filter>UIActor\Default</Filter>
    </ClCompile>
    <ClCompile Include="Background_Gray.cpp">
      <Filter>UIActor\Default</Filter>
    </ClCompile>
    <ClCompile Include="FadeAnimation.cpp">
      <Filter>UIActor\Default</Filter>
    </ClCompile>
    <ClCompile Include="TitleLogo.cpp">
      <Filter>UIActor\Logo</Filter>
    </ClCompile>
    <ClCompile Include="Logo.cpp">
      <Filter>UIActor\Logo</Filter>
    </ClCompile>
    <ClCompile Include="Button.cpp">
      <Filter>UIActor\Default</Filter>
    </ClCompile>
    <ClCompile Include="WorldMapSelect.cpp">
      <Filter>UIActor\WorldMap</Filter>
    </ClCompile>
    <ClCompile Include="PuzzleActor.cpp">
      <Filter>UIActor\Default</Filter>
    </ClCompile>
    <ClCompile Include="Background_Pixel.cpp">
      <Filter>UIActor\Default</Filter>
    </ClCompile>
  </ItemGroup>
  <ItemGroup>
    <Filter Include="Level">
      <UniqueIdentifier>{73bc27b7-1d2b-4760-9bbf-38faece44c40}</UniqueIdentifier>
    </Filter>
    <Filter Include="Global">
      <UniqueIdentifier>{d0051bfc-0de9-42c1-8bb1-1ea3ae86389e}</UniqueIdentifier>
    </Filter>
    <Filter Include="UIActor">
      <UniqueIdentifier>{d749864a-f81f-4bd4-a531-c3c08169f47c}</UniqueIdentifier>
    </Filter>
    <Filter Include="UIActor\WorldMap">
      <UniqueIdentifier>{60eeb197-aefb-4b2e-915a-d79f439031a9}</UniqueIdentifier>
    </Filter>
    <Filter Include="UIActor\Default">
      <UniqueIdentifier>{c8f22679-d618-4654-b8ba-ca0ab579f99a}</UniqueIdentifier>
    </Filter>
    <Filter Include="UIActor\Logo">
      <UniqueIdentifier>{52d542df-104c-4f83-a0a8-7a26f95ece9b}</UniqueIdentifier>
    </Filter>
  </ItemGroup>
</Project>