<?xml version="1.0" encoding="utf-8"?>
<Project ToolsVersion="4.0" xmlns="http://schemas.microsoft.com/developer/msbuild/2003">
  <ItemGroup>
    <ClInclude Include="TitleLevel.h">
      <Filter>Level</Filter>
    </ClInclude>
    <ClInclude Include="ContentCore.h" />
    <ClInclude Include="Player.h">
      <Filter>Global</Filter>
    </ClInclude>
    <ClInclude Include="ContentsEnum.h">
      <Filter>Global</Filter>
    </ClInclude>
    <ClInclude Include="LogoLevel.h">
      <Filter>Level</Filter>
    </ClInclude>
    <ClInclude Include="WorldMapLevel.h">
      <Filter>Level</Filter>
    </ClInclude>
    <ClInclude Include="PuzzleLevel.h">
      <Filter>Level</Filter>
    </ClInclude>
    <ClInclude Include="Background_Black.h">
      <Filter>UIActor</Filter>
    </ClInclude>
    <ClInclude Include="TitleLogo.h">
      <Filter>UIActor</Filter>
    </ClInclude>
    <ClInclude Include="Logo.h">
      <Filter>UIActor</Filter>
    </ClInclude>
    <ClInclude Include="Button.h">
      <Filter>UIActor</Filter>
    </ClInclude>
    <ClInclude Include="FadeAnimation.h">
      <Filter>UIActor</Filter>
    </ClInclude>
    <ClInclude Include="Background_Gray.h">
      <Filter>UIActor</Filter>
    </ClInclude>
  </ItemGroup>
  <ItemGroup>
    <ClCompile Include="TitleLevel.cpp">
      <Filter>Level</Filter>
    </ClCompile>
    <ClCompile Include="ContentCore.cpp" />
    <ClCompile Include="Player.cpp">
      <Filter>Global</Filter>
    </ClCompile>
    <ClCompile Include="LogoLevel.cpp">
      <Filter>Level</Filter>
    </ClCompile>
    <ClCompile Include="WorldMapLevel.cpp">
      <Filter>Level</Filter>
    </ClCompile>
    <ClCompile Include="PuzzleLevel.cpp">
      <Filter>Level</Filter>
    </ClCompile>
    <ClCompile Include="Background_Black.cpp">
      <Filter>UIActor</Filter>
    </ClCompile>
    <ClCompile Include="TitleLogo.cpp">
      <Filter>UIActor</Filter>
    </ClCompile>
    <ClCompile Include="Logo.cpp">
      <Filter>UIActor</Filter>
    </ClCompile>
    <ClCompile Include="Button.cpp">
      <Filter>UIActor</Filter>
    </ClCompile>
    <ClCompile Include="FadeAnimation.cpp">
      <Filter>UIActor</Filter>
    </ClCompile>
    <ClCompile Include="Background_Gray.cpp">
      <Filter>UIActor</Filter>
    </ClCompile>
  </ItemGroup>
  <ItemGroup>
    <Filter Include="Level">
      <UniqueIdentifier>{73bc27b7-1d2b-4760-9bbf-38faece44c40}</UniqueIdentifier>
    </Filter>
    <Filter Include="Global">
      <UniqueIdentifier>{d0051bfc-0de9-42c1-8bb1-1ea3ae86389e}</UniqueIdentifier>
    </Filter>
    <Filter Include="UIActor">
      <UniqueIdentifier>{d749864a-f81f-4bd4-a531-c3c08169f47c}</UniqueIdentifier>
    </Filter>
  </ItemGroup>
</Project>