<?xml version="1.0" encoding="utf-8"?>
<Project ToolsVersion="4.0" xmlns="http://schemas.microsoft.com/developer/msbuild/2003">
  <ItemGroup>
    <ClInclude Include="ContentCore.h" />
    <ClInclude Include="ContentsEnum.h">
      <Filter>Global</Filter>
    </ClInclude>
    <ClInclude Include="WorldMapLevel.h">
      <Filter>Level</Filter>
    </ClInclude>
    <ClInclude Include="Background_WorldMap.h">
      <Filter>UIActor\WorldMap</Filter>
    </ClInclude>
    <ClInclude Include="Background_Black.h">
      <Filter>UIActor\Default</Filter>
    </ClInclude>
    <ClInclude Include="Background_Gray.h">
      <Filter>UIActor\Default</Filter>
    </ClInclude>
    <ClInclude Include="FadeAnimation.h">
      <Filter>UIActor\Default</Filter>
    </ClInclude>
    <ClInclude Include="TitleLogo.h">
      <Filter>UIActor\Logo</Filter>
    </ClInclude>
    <ClInclude Include="Logo.h">
      <Filter>UIActor\Logo</Filter>
    </ClInclude>
    <ClInclude Include="Button.h">
      <Filter>UIActor\Default</Filter>
    </ClInclude>
    <ClInclude Include="WorldMapSelect.h">
      <Filter>UIActor\WorldMap</Filter>
    </ClInclude>
    <ClInclude Include="Cursor.h">
      <Filter>UIActor\Default</Filter>
    </ClInclude>
    <ClInclude Include="TextUI.h">
      <Filter>UIActor\Default</Filter>
    </ClInclude>
    <ClInclude Include="Background_Pixel.h">
      <Filter>UIActor\Puzzle</Filter>
    </ClInclude>
    <ClInclude Include="CongratsUI.h">
      <Filter>UIActor\Puzzle</Filter>
    </ClInclude>
    <ClInclude Include="Effect.h">
      <Filter>UIActor\Puzzle</Filter>
    </ClInclude>
    <ClInclude Include="MoveUI.h">
      <Filter>UIActor\Puzzle</Filter>
    </ClInclude>
    <ClInclude Include="LogoLevel.h">
      <Filter>Level\Title</Filter>
    </ClInclude>
    <ClInclude Include="TitleLevel.h">
      <Filter>Level\Title</Filter>
    </ClInclude>
    <ClInclude Include="PuzzleLevel2.h">
      <Filter>Level\Puzzle</Filter>
    </ClInclude>
    <ClInclude Include="PuzzleLevel.h">
      <Filter>Level\Puzzle</Filter>
    </ClInclude>
    <ClInclude Include="TutorialLevel.h">
      <Filter>Level\Puzzle</Filter>
    </ClInclude>
    <ClInclude Include="PuzzleLevelBase.h">
      <Filter>Level\Puzzle</Filter>
    </ClInclude>
    <ClInclude Include="PuzzleLevel1.h">
      <Filter>Level\Puzzle</Filter>
    </ClInclude>
  </ItemGroup>
  <ItemGroup>
    <ClCompile Include="ContentCore.cpp" />
    <ClCompile Include="WorldMapLevel.cpp">
      <Filter>Level</Filter>
    </ClCompile>
    <ClCompile Include="Background_WorldMap.cpp">
      <Filter>UIActor\WorldMap</Filter>
    </ClCompile>
    <ClCompile Include="Background_Black.cpp">
      <Filter>UIActor\Default</Filter>
    </ClCompile>
    <ClCompile Include="Background_Gray.cpp">
      <Filter>UIActor\Default</Filter>
    </ClCompile>
    <ClCompile Include="FadeAnimation.cpp">
      <Filter>UIActor\Default</Filter>
    </ClCompile>
    <ClCompile Include="TitleLogo.cpp">
      <Filter>UIActor\Logo</Filter>
    </ClCompile>
    <ClCompile Include="Logo.cpp">
      <Filter>UIActor\Logo</Filter>
    </ClCompile>
    <ClCompile Include="Button.cpp">
      <Filter>UIActor\Default</Filter>
    </ClCompile>
    <ClCompile Include="WorldMapSelect.cpp">
      <Filter>UIActor\WorldMap</Filter>
    </ClCompile>
    <ClCompile Include="Cursor.cpp">
      <Filter>UIActor\Default</Filter>
    </ClCompile>
    <ClCompile Include="TextUI.cpp">
      <Filter>UIActor\Default</Filter>
    </ClCompile>
    <ClCompile Include="Background_Pixel.cpp">
      <Filter>UIActor\Puzzle</Filter>
    </ClCompile>
    <ClCompile Include="CongratsUI.cpp">
      <Filter>UIActor\Puzzle</Filter>
    </ClCompile>
    <ClCompile Include="Effect.cpp">
      <Filter>UIActor\Puzzle</Filter>
    </ClCompile>
    <ClCompile Include="MoveUI.cpp">
      <Filter>UIActor\Puzzle</Filter>
    </ClCompile>
    <ClCompile Include="LogoLevel.cpp">
      <Filter>Level\Title</Filter>
    </ClCompile>
    <ClCompile Include="TitleLevel.cpp">
      <Filter>Level\Title</Filter>
    </ClCompile>
    <ClCompile Include="PuzzleLevel2.cpp">
      <Filter>Level\Puzzle</Filter>
    </ClCompile>
    <ClCompile Include="PuzzleLevel.cpp">
      <Filter>Level\Puzzle</Filter>
    </ClCompile>
    <ClCompile Include="TutorialLevel.cpp">
      <Filter>Level\Puzzle</Filter>
    </ClCompile>
    <ClCompile Include="PuzzleLevelBase.cpp">
      <Filter>Level\Puzzle</Filter>
    </ClCompile>
    <ClCompile Include="PuzzleLevel1.cpp">
      <Filter>Level\Puzzle</Filter>
    </ClCompile>
  </ItemGroup>
  <ItemGroup>
    <Filter Include="Level">
      <UniqueIdentifier>{73bc27b7-1d2b-4760-9bbf-38faece44c40}</UniqueIdentifier>
    </Filter>
    <Filter Include="Global">
      <UniqueIdentifier>{d0051bfc-0de9-42c1-8bb1-1ea3ae86389e}</UniqueIdentifier>
    </Filter>
    <Filter Include="UIActor">
      <UniqueIdentifier>{d749864a-f81f-4bd4-a531-c3c08169f47c}</UniqueIdentifier>
    </Filter>
    <Filter Include="UIActor\WorldMap">
      <UniqueIdentifier>{60eeb197-aefb-4b2e-915a-d79f439031a9}</UniqueIdentifier>
    </Filter>
    <Filter Include="UIActor\Default">
      <UniqueIdentifier>{c8f22679-d618-4654-b8ba-ca0ab579f99a}</UniqueIdentifier>
    </Filter>
    <Filter Include="UIActor\Logo">
      <UniqueIdentifier>{52d542df-104c-4f83-a0a8-7a26f95ece9b}</UniqueIdentifier>
    </Filter>
    <Filter Include="UIActor\Puzzle">
      <UniqueIdentifier>{05889bad-1504-40b7-a532-52340d091a20}</UniqueIdentifier>
    </Filter>
    <Filter Include="Level\Title">
      <UniqueIdentifier>{32245f64-8b63-4525-971a-357c2a953412}</UniqueIdentifier>
    </Filter>
    <Filter Include="Level\Puzzle">
      <UniqueIdentifier>{f8bca58a-9353-4a36-ad17-9ec9a2e0a4de}</UniqueIdentifier>
    </Filter>
  </ItemGroup>
</Project>